
Microsoft Visual Studio Solution File, Format Version 12.00
# Visual Studio 15
VisualStudioVersion = 15.0.27703.2026
MinimumVisualStudioVersion = 10.0.40219.1
Project("{FAE04EC0-301F-11D3-BF4B-00C04F79EFBC}") = "Servicelag", "Servicelag\Servicelag.csproj", "{3E869548-CCC7-4052-8264-D7AC6328E74E}"
EndProject
Project("{FAE04EC0-301F-11D3-BF4B-00C04F79EFBC}") = "Entiteter", "Entiteter\Entiteter.csproj", "{B1BA1163-9A92-4720-A167-E2B004082E54}"
EndProject
Project("{FAE04EC0-301F-11D3-BF4B-00C04F79EFBC}") = "ManueltTestProject", "ManueltTestProject\ManueltTestProject.csproj", "{6863F021-86CE-4A99-83EC-854F0AE56859}"
EndProject
Global
	GlobalSection(SolutionConfigurationPlatforms) = preSolution
		Debug|Any CPU = Debug|Any CPU
		Release|Any CPU = Release|Any CPU
	EndGlobalSection
	GlobalSection(ProjectConfigurationPlatforms) = postSolution
		{3E869548-CCC7-4052-8264-D7AC6328E74E}.Debug|Any CPU.ActiveCfg = Debug|Any CPU
		{3E869548-CCC7-4052-8264-D7AC6328E74E}.Debug|Any CPU.Build.0 = Debug|Any CPU
		{3E869548-CCC7-4052-8264-D7AC6328E74E}.Release|Any CPU.ActiveCfg = Release|Any CPU
		{3E869548-CCC7-4052-8264-D7AC6328E74E}.Release|Any CPU.Build.0 = Release|Any CPU
		{B1BA1163-9A92-4720-A167-E2B004082E54}.Debug|Any CPU.ActiveCfg = Debug|Any CPU
		{B1BA1163-9A92-4720-A167-E2B004082E54}.Debug|Any CPU.Build.0 = Debug|Any CPU
		{B1BA1163-9A92-4720-A167-E2B004082E54}.Release|Any CPU.ActiveCfg = Release|Any CPU
		{B1BA1163-9A92-4720-A167-E2B004082E54}.Release|Any CPU.Build.0 = Release|Any CPU
		{6863F021-86CE-4A99-83EC-854F0AE56859}.Debug|Any CPU.ActiveCfg = Debug|Any CPU
		{6863F021-86CE-4A99-83EC-854F0AE56859}.Debug|Any CPU.Build.0 = Debug|Any CPU
		{6863F021-86CE-4A99-83EC-854F0AE56859}.Release|Any CPU.ActiveCfg = Release|Any CPU
		{6863F021-86CE-4A99-83EC-854F0AE56859}.Release|Any CPU.Build.0 = Release|Any CPU
	EndGlobalSection
	GlobalSection(SolutionProperties) = preSolution
		HideSolutionNode = FALSE
	EndGlobalSection
	GlobalSection(ExtensibilityGlobals) = postSolution
		SolutionGuid = {483D9825-BBC9-42CF-9EB2-DDB2AB548472}
	EndGlobalSection
EndGlobal
